// !$*UTF8*$!
{
	archiveVersion = 1;
	classes = {
	};
	objectVersion = 46;
	objects = {

/* Begin PBXBuildFile section */
		460B74E9198012E800EEEBD5 /* JokeListViewController.m in Sources */ = {isa = PBXBuildFile; fileRef = 460B74E8198012E800EEEBD5 /* JokeListViewController.m */; };
		460B7510198021B200EEEBD5 /* AFHTTPRequestOperation.m in Sources */ = {isa = PBXBuildFile; fileRef = 460B74EC198021B200EEEBD5 /* AFHTTPRequestOperation.m */; };
		460B7511198021B200EEEBD5 /* AFHTTPRequestOperationManager.m in Sources */ = {isa = PBXBuildFile; fileRef = 460B74EE198021B200EEEBD5 /* AFHTTPRequestOperationManager.m */; };
		460B7512198021B200EEEBD5 /* AFHTTPSessionManager.m in Sources */ = {isa = PBXBuildFile; fileRef = 460B74F0198021B200EEEBD5 /* AFHTTPSessionManager.m */; };
		460B7513198021B200EEEBD5 /* AFNetworkReachabilityManager.m in Sources */ = {isa = PBXBuildFile; fileRef = 460B74F3198021B200EEEBD5 /* AFNetworkReachabilityManager.m */; };
		460B7514198021B200EEEBD5 /* AFSecurityPolicy.m in Sources */ = {isa = PBXBuildFile; fileRef = 460B74F5198021B200EEEBD5 /* AFSecurityPolicy.m */; };
		460B7515198021B200EEEBD5 /* AFURLConnectionOperation.m in Sources */ = {isa = PBXBuildFile; fileRef = 460B74F7198021B200EEEBD5 /* AFURLConnectionOperation.m */; };
		460B7516198021B200EEEBD5 /* AFURLRequestSerialization.m in Sources */ = {isa = PBXBuildFile; fileRef = 460B74F9198021B200EEEBD5 /* AFURLRequestSerialization.m */; };
		460B7517198021B200EEEBD5 /* AFURLResponseSerialization.m in Sources */ = {isa = PBXBuildFile; fileRef = 460B74FB198021B200EEEBD5 /* AFURLResponseSerialization.m */; };
		460B7518198021B200EEEBD5 /* AFURLSessionManager.m in Sources */ = {isa = PBXBuildFile; fileRef = 460B74FD198021B200EEEBD5 /* AFURLSessionManager.m */; };
		460B7519198021B200EEEBD5 /* AFNetworkActivityIndicatorManager.m in Sources */ = {isa = PBXBuildFile; fileRef = 460B7500198021B200EEEBD5 /* AFNetworkActivityIndicatorManager.m */; };
		460B751A198021B200EEEBD5 /* UIActivityIndicatorView+AFNetworking.m in Sources */ = {isa = PBXBuildFile; fileRef = 460B7502198021B200EEEBD5 /* UIActivityIndicatorView+AFNetworking.m */; };
		460B751B198021B200EEEBD5 /* UIAlertView+AFNetworking.m in Sources */ = {isa = PBXBuildFile; fileRef = 460B7504198021B200EEEBD5 /* UIAlertView+AFNetworking.m */; };
		460B751C198021B200EEEBD5 /* UIButton+AFNetworking.m in Sources */ = {isa = PBXBuildFile; fileRef = 460B7506198021B200EEEBD5 /* UIButton+AFNetworking.m */; };
		460B751D198021B200EEEBD5 /* UIImageView+AFNetworking.m in Sources */ = {isa = PBXBuildFile; fileRef = 460B7508198021B200EEEBD5 /* UIImageView+AFNetworking.m */; };
		460B751E198021B200EEEBD5 /* UIProgressView+AFNetworking.m in Sources */ = {isa = PBXBuildFile; fileRef = 460B750B198021B200EEEBD5 /* UIProgressView+AFNetworking.m */; };
		460B751F198021B200EEEBD5 /* UIRefreshControl+AFNetworking.m in Sources */ = {isa = PBXBuildFile; fileRef = 460B750D198021B200EEEBD5 /* UIRefreshControl+AFNetworking.m */; };
		460B7520198021B200EEEBD5 /* UIWebView+AFNetworking.m in Sources */ = {isa = PBXBuildFile; fileRef = 460B750F198021B200EEEBD5 /* UIWebView+AFNetworking.m */; };
		461E08161986689A0006F47B /* MKAnnotationView+WebCache.m in Sources */ = {isa = PBXBuildFile; fileRef = 461E07F61986689A0006F47B /* MKAnnotationView+WebCache.m */; };
		461E08171986689A0006F47B /* NSData+ImageContentType.m in Sources */ = {isa = PBXBuildFile; fileRef = 461E07F81986689A0006F47B /* NSData+ImageContentType.m */; };
		461E08181986689A0006F47B /* SDImageCache.m in Sources */ = {isa = PBXBuildFile; fileRef = 461E07FA1986689A0006F47B /* SDImageCache.m */; };
		461E08191986689A0006F47B /* SDWebImageCompat.m in Sources */ = {isa = PBXBuildFile; fileRef = 461E07FC1986689A0006F47B /* SDWebImageCompat.m */; };
		461E081A1986689A0006F47B /* SDWebImageDecoder.m in Sources */ = {isa = PBXBuildFile; fileRef = 461E07FE1986689A0006F47B /* SDWebImageDecoder.m */; };
		461E081B1986689A0006F47B /* SDWebImageDownloader.m in Sources */ = {isa = PBXBuildFile; fileRef = 461E08001986689A0006F47B /* SDWebImageDownloader.m */; };
		461E081C1986689A0006F47B /* SDWebImageDownloaderOperation.m in Sources */ = {isa = PBXBuildFile; fileRef = 461E08021986689A0006F47B /* SDWebImageDownloaderOperation.m */; };
		461E081D1986689A0006F47B /* SDWebImageManager.m in Sources */ = {isa = PBXBuildFile; fileRef = 461E08041986689A0006F47B /* SDWebImageManager.m */; };
		461E081E1986689A0006F47B /* SDWebImagePrefetcher.m in Sources */ = {isa = PBXBuildFile; fileRef = 461E08071986689A0006F47B /* SDWebImagePrefetcher.m */; };
		461E081F1986689A0006F47B /* UIButton+WebCache.m in Sources */ = {isa = PBXBuildFile; fileRef = 461E08091986689A0006F47B /* UIButton+WebCache.m */; };
		461E08201986689A0006F47B /* UIImage+GIF.m in Sources */ = {isa = PBXBuildFile; fileRef = 461E080B1986689A0006F47B /* UIImage+GIF.m */; };
		461E08211986689A0006F47B /* UIImage+MultiFormat.m in Sources */ = {isa = PBXBuildFile; fileRef = 461E080D1986689A0006F47B /* UIImage+MultiFormat.m */; };
		461E08221986689A0006F47B /* UIImage+WebP.m in Sources */ = {isa = PBXBuildFile; fileRef = 461E080F1986689A0006F47B /* UIImage+WebP.m */; };
		461E08231986689A0006F47B /* UIImageView+HighlightedWebCache.m in Sources */ = {isa = PBXBuildFile; fileRef = 461E08111986689A0006F47B /* UIImageView+HighlightedWebCache.m */; };
		461E08241986689A0006F47B /* UIImageView+WebCache.m in Sources */ = {isa = PBXBuildFile; fileRef = 461E08131986689A0006F47B /* UIImageView+WebCache.m */; };
		461E08251986689A0006F47B /* UIView+WebCacheOperation.m in Sources */ = {isa = PBXBuildFile; fileRef = 461E08151986689A0006F47B /* UIView+WebCacheOperation.m */; };
		467CC4751981C43C00BAC5F7 /* JokeCellTableViewCell.m in Sources */ = {isa = PBXBuildFile; fileRef = 467CC4731981C43C00BAC5F7 /* JokeCellTableViewCell.m */; };
		467CC4761981C43C00BAC5F7 /* JokeCellTableViewCell.xib in Resources */ = {isa = PBXBuildFile; fileRef = 467CC4741981C43C00BAC5F7 /* JokeCellTableViewCell.xib */; };
		46A1800A1983ED28000DA3F7 /* loading.gif in Resources */ = {isa = PBXBuildFile; fileRef = 46A180091983ED28000DA3F7 /* loading.gif */; };
		46A1B70A19866E3600AF4ADD /* MapKit.framework in Frameworks */ = {isa = PBXBuildFile; fileRef = 46A1B70919866E3600AF4ADD /* MapKit.framework */; };
		46A1B70C19866E4200AF4ADD /* ImageIO.framework in Frameworks */ = {isa = PBXBuildFile; fileRef = 46A1B70B19866E4200AF4ADD /* ImageIO.framework */; };
		46A6E1141982BFC100175F21 /* avatar.jpg in Resources */ = {isa = PBXBuildFile; fileRef = 46A6E1131982BFC100175F21 /* avatar.jpg */; };
		46EE7E3619853C8300A0DA45 /* MJRefresh.bundle in Resources */ = {isa = PBXBuildFile; fileRef = 46EE7E2619853C8300A0DA45 /* MJRefresh.bundle */; };
		46EE7E3719853C8300A0DA45 /* MJRefreshBaseView.m in Sources */ = {isa = PBXBuildFile; fileRef = 46EE7E2919853C8300A0DA45 /* MJRefreshBaseView.m */; };
		46EE7E3819853C8300A0DA45 /* MJRefreshConst.m in Sources */ = {isa = PBXBuildFile; fileRef = 46EE7E2B19853C8300A0DA45 /* MJRefreshConst.m */; };
		46EE7E3919853C8300A0DA45 /* MJRefreshFooterView.m in Sources */ = {isa = PBXBuildFile; fileRef = 46EE7E2D19853C8300A0DA45 /* MJRefreshFooterView.m */; };
		46EE7E3A19853C8300A0DA45 /* MJRefreshHeaderView.m in Sources */ = {isa = PBXBuildFile; fileRef = 46EE7E2F19853C8300A0DA45 /* MJRefreshHeaderView.m */; };
		46EE7E3B19853C8300A0DA45 /* UIScrollView+Extension.m in Sources */ = {isa = PBXBuildFile; fileRef = 46EE7E3119853C8300A0DA45 /* UIScrollView+Extension.m */; };
		46EE7E3C19853C8300A0DA45 /* UIScrollView+MJRefresh.m in Sources */ = {isa = PBXBuildFile; fileRef = 46EE7E3319853C8300A0DA45 /* UIScrollView+MJRefresh.m */; };
		46EE7E3D19853C8300A0DA45 /* UIView+Extension.m in Sources */ = {isa = PBXBuildFile; fileRef = 46EE7E3519853C8300A0DA45 /* UIView+Extension.m */; };
		46FA957B198006A2000A908D /* Foundation.framework in Frameworks */ = {isa = PBXBuildFile; fileRef = 46FA957A198006A2000A908D /* Foundation.framework */; };
		46FA957D198006A2000A908D /* CoreGraphics.framework in Frameworks */ = {isa = PBXBuildFile; fileRef = 46FA957C198006A2000A908D /* CoreGraphics.framework */; };
		46FA957F198006A2000A908D /* UIKit.framework in Frameworks */ = {isa = PBXBuildFile; fileRef = 46FA957E198006A2000A908D /* UIKit.framework */; };
		46FA9585198006A2000A908D /* InfoPlist.strings in Resources */ = {isa = PBXBuildFile; fileRef = 46FA9583198006A2000A908D /* InfoPlist.strings */; };
		46FA9587198006A2000A908D /* main.m in Sources */ = {isa = PBXBuildFile; fileRef = 46FA9586198006A2000A908D /* main.m */; };
		46FA958B198006A2000A908D /* AppDelegate.m in Sources */ = {isa = PBXBuildFile; fileRef = 46FA958A198006A2000A908D /* AppDelegate.m */; };
		46FA958E198006A2000A908D /* Main.storyboard in Resources */ = {isa = PBXBuildFile; fileRef = 46FA958C198006A2000A908D /* Main.storyboard */; };
		46FA9591198006A2000A908D /* ViewController.m in Sources */ = {isa = PBXBuildFile; fileRef = 46FA9590198006A2000A908D /* ViewController.m */; };
		46FA9593198006A2000A908D /* Images.xcassets in Resources */ = {isa = PBXBuildFile; fileRef = 46FA9592198006A2000A908D /* Images.xcassets */; };
		46FA959A198006A2000A908D /* XCTest.framework in Frameworks */ = {isa = PBXBuildFile; fileRef = 46FA9599198006A2000A908D /* XCTest.framework */; };
		46FA959B198006A2000A908D /* Foundation.framework in Frameworks */ = {isa = PBXBuildFile; fileRef = 46FA957A198006A2000A908D /* Foundation.framework */; };
		46FA959C198006A2000A908D /* UIKit.framework in Frameworks */ = {isa = PBXBuildFile; fileRef = 46FA957E198006A2000A908D /* UIKit.framework */; };
		46FA95A4198006A2000A908D /* InfoPlist.strings in Resources */ = {isa = PBXBuildFile; fileRef = 46FA95A2198006A2000A908D /* InfoPlist.strings */; };
		46FA95A6198006A2000A908D /* qiushibaikeTests.m in Sources */ = {isa = PBXBuildFile; fileRef = 46FA95A5198006A2000A908D /* qiushibaikeTests.m */; };
/* End PBXBuildFile section */

/* Begin PBXContainerItemProxy section */
		46FA959D198006A2000A908D /* PBXContainerItemProxy */ = {
			isa = PBXContainerItemProxy;
			containerPortal = 46FA956F198006A2000A908D /* Project object */;
			proxyType = 1;
			remoteGlobalIDString = 46FA9576198006A2000A908D;
			remoteInfo = qiushibaike;
		};
/* End PBXContainerItemProxy section */

/* Begin PBXFileReference section */
		460B74E7198012E800EEEBD5 /* JokeListViewController.h */ = {isa = PBXFileReference; fileEncoding = 4; lastKnownFileType = sourcecode.c.h; path = JokeListViewController.h; sourceTree = "<group>"; };
		460B74E8198012E800EEEBD5 /* JokeListViewController.m */ = {isa = PBXFileReference; fileEncoding = 4; lastKnownFileType = sourcecode.c.objc; path = JokeListViewController.m; sourceTree = "<group>"; };
		460B74EB198021B200EEEBD5 /* AFHTTPRequestOperation.h */ = {isa = PBXFileReference; fileEncoding = 4; lastKnownFileType = sourcecode.c.h; path = AFHTTPRequestOperation.h; sourceTree = "<group>"; };
		460B74EC198021B200EEEBD5 /* AFHTTPRequestOperation.m */ = {isa = PBXFileReference; fileEncoding = 4; lastKnownFileType = sourcecode.c.objc; path = AFHTTPRequestOperation.m; sourceTree = "<group>"; };
		460B74ED198021B200EEEBD5 /* AFHTTPRequestOperationManager.h */ = {isa = PBXFileReference; fileEncoding = 4; lastKnownFileType = sourcecode.c.h; path = AFHTTPRequestOperationManager.h; sourceTree = "<group>"; };
		460B74EE198021B200EEEBD5 /* AFHTTPRequestOperationManager.m */ = {isa = PBXFileReference; fileEncoding = 4; lastKnownFileType = sourcecode.c.objc; path = AFHTTPRequestOperationManager.m; sourceTree = "<group>"; };
		460B74EF198021B200EEEBD5 /* AFHTTPSessionManager.h */ = {isa = PBXFileReference; fileEncoding = 4; lastKnownFileType = sourcecode.c.h; path = AFHTTPSessionManager.h; sourceTree = "<group>"; };
		460B74F0198021B200EEEBD5 /* AFHTTPSessionManager.m */ = {isa = PBXFileReference; fileEncoding = 4; lastKnownFileType = sourcecode.c.objc; path = AFHTTPSessionManager.m; sourceTree = "<group>"; };
		460B74F1198021B200EEEBD5 /* AFNetworking.h */ = {isa = PBXFileReference; fileEncoding = 4; lastKnownFileType = sourcecode.c.h; path = AFNetworking.h; sourceTree = "<group>"; };
		460B74F2198021B200EEEBD5 /* AFNetworkReachabilityManager.h */ = {isa = PBXFileReference; fileEncoding = 4; lastKnownFileType = sourcecode.c.h; path = AFNetworkReachabilityManager.h; sourceTree = "<group>"; };
		460B74F3198021B200EEEBD5 /* AFNetworkReachabilityManager.m */ = {isa = PBXFileReference; fileEncoding = 4; lastKnownFileType = sourcecode.c.objc; path = AFNetworkReachabilityManager.m; sourceTree = "<group>"; };
		460B74F4198021B200EEEBD5 /* AFSecurityPolicy.h */ = {isa = PBXFileReference; fileEncoding = 4; lastKnownFileType = sourcecode.c.h; path = AFSecurityPolicy.h; sourceTree = "<group>"; };
		460B74F5198021B200EEEBD5 /* AFSecurityPolicy.m */ = {isa = PBXFileReference; fileEncoding = 4; lastKnownFileType = sourcecode.c.objc; path = AFSecurityPolicy.m; sourceTree = "<group>"; };
		460B74F6198021B200EEEBD5 /* AFURLConnectionOperation.h */ = {isa = PBXFileReference; fileEncoding = 4; lastKnownFileType = sourcecode.c.h; path = AFURLConnectionOperation.h; sourceTree = "<group>"; };
		460B74F7198021B200EEEBD5 /* AFURLConnectionOperation.m */ = {isa = PBXFileReference; fileEncoding = 4; lastKnownFileType = sourcecode.c.objc; path = AFURLConnectionOperation.m; sourceTree = "<group>"; };
		460B74F8198021B200EEEBD5 /* AFURLRequestSerialization.h */ = {isa = PBXFileReference; fileEncoding = 4; lastKnownFileType = sourcecode.c.h; path = AFURLRequestSerialization.h; sourceTree = "<group>"; };
		460B74F9198021B200EEEBD5 /* AFURLRequestSerialization.m */ = {isa = PBXFileReference; fileEncoding = 4; lastKnownFileType = sourcecode.c.objc; path = AFURLRequestSerialization.m; sourceTree = "<group>"; };
		460B74FA198021B200EEEBD5 /* AFURLResponseSerialization.h */ = {isa = PBXFileReference; fileEncoding = 4; lastKnownFileType = sourcecode.c.h; path = AFURLResponseSerialization.h; sourceTree = "<group>"; };
		460B74FB198021B200EEEBD5 /* AFURLResponseSerialization.m */ = {isa = PBXFileReference; fileEncoding = 4; lastKnownFileType = sourcecode.c.objc; path = AFURLResponseSerialization.m; sourceTree = "<group>"; };
		460B74FC198021B200EEEBD5 /* AFURLSessionManager.h */ = {isa = PBXFileReference; fileEncoding = 4; lastKnownFileType = sourcecode.c.h; path = AFURLSessionManager.h; sourceTree = "<group>"; };
		460B74FD198021B200EEEBD5 /* AFURLSessionManager.m */ = {isa = PBXFileReference; fileEncoding = 4; lastKnownFileType = sourcecode.c.objc; path = AFURLSessionManager.m; sourceTree = "<group>"; };
		460B74FF198021B200EEEBD5 /* AFNetworkActivityIndicatorManager.h */ = {isa = PBXFileReference; fileEncoding = 4; lastKnownFileType = sourcecode.c.h; path = AFNetworkActivityIndicatorManager.h; sourceTree = "<group>"; };
		460B7500198021B200EEEBD5 /* AFNetworkActivityIndicatorManager.m */ = {isa = PBXFileReference; fileEncoding = 4; lastKnownFileType = sourcecode.c.objc; path = AFNetworkActivityIndicatorManager.m; sourceTree = "<group>"; };
		460B7501198021B200EEEBD5 /* UIActivityIndicatorView+AFNetworking.h */ = {isa = PBXFileReference; fileEncoding = 4; lastKnownFileType = sourcecode.c.h; path = "UIActivityIndicatorView+AFNetworking.h"; sourceTree = "<group>"; };
		460B7502198021B200EEEBD5 /* UIActivityIndicatorView+AFNetworking.m */ = {isa = PBXFileReference; fileEncoding = 4; lastKnownFileType = sourcecode.c.objc; path = "UIActivityIndicatorView+AFNetworking.m"; sourceTree = "<group>"; };
		460B7503198021B200EEEBD5 /* UIAlertView+AFNetworking.h */ = {isa = PBXFileReference; fileEncoding = 4; lastKnownFileType = sourcecode.c.h; path = "UIAlertView+AFNetworking.h"; sourceTree = "<group>"; };
		460B7504198021B200EEEBD5 /* UIAlertView+AFNetworking.m */ = {isa = PBXFileReference; fileEncoding = 4; lastKnownFileType = sourcecode.c.objc; path = "UIAlertView+AFNetworking.m"; sourceTree = "<group>"; };
		460B7505198021B200EEEBD5 /* UIButton+AFNetworking.h */ = {isa = PBXFileReference; fileEncoding = 4; lastKnownFileType = sourcecode.c.h; path = "UIButton+AFNetworking.h"; sourceTree = "<group>"; };
		460B7506198021B200EEEBD5 /* UIButton+AFNetworking.m */ = {isa = PBXFileReference; fileEncoding = 4; lastKnownFileType = sourcecode.c.objc; path = "UIButton+AFNetworking.m"; sourceTree = "<group>"; };
		460B7507198021B200EEEBD5 /* UIImageView+AFNetworking.h */ = {isa = PBXFileReference; fileEncoding = 4; lastKnownFileType = sourcecode.c.h; path = "UIImageView+AFNetworking.h"; sourceTree = "<group>"; };
		460B7508198021B200EEEBD5 /* UIImageView+AFNetworking.m */ = {isa = PBXFileReference; fileEncoding = 4; lastKnownFileType = sourcecode.c.objc; path = "UIImageView+AFNetworking.m"; sourceTree = "<group>"; };
		460B7509198021B200EEEBD5 /* UIKit+AFNetworking.h */ = {isa = PBXFileReference; fileEncoding = 4; lastKnownFileType = sourcecode.c.h; path = "UIKit+AFNetworking.h"; sourceTree = "<group>"; };
		460B750A198021B200EEEBD5 /* UIProgressView+AFNetworking.h */ = {isa = PBXFileReference; fileEncoding = 4; lastKnownFileType = sourcecode.c.h; path = "UIProgressView+AFNetworking.h"; sourceTree = "<group>"; };
		460B750B198021B200EEEBD5 /* UIProgressView+AFNetworking.m */ = {isa = PBXFileReference; fileEncoding = 4; lastKnownFileType = sourcecode.c.objc; path = "UIProgressView+AFNetworking.m"; sourceTree = "<group>"; };
		460B750C198021B200EEEBD5 /* UIRefreshControl+AFNetworking.h */ = {isa = PBXFileReference; fileEncoding = 4; lastKnownFileType = sourcecode.c.h; path = "UIRefreshControl+AFNetworking.h"; sourceTree = "<group>"; };
		460B750D198021B200EEEBD5 /* UIRefreshControl+AFNetworking.m */ = {isa = PBXFileReference; fileEncoding = 4; lastKnownFileType = sourcecode.c.objc; path = "UIRefreshControl+AFNetworking.m"; sourceTree = "<group>"; };
		460B750E198021B200EEEBD5 /* UIWebView+AFNetworking.h */ = {isa = PBXFileReference; fileEncoding = 4; lastKnownFileType = sourcecode.c.h; path = "UIWebView+AFNetworking.h"; sourceTree = "<group>"; };
		460B750F198021B200EEEBD5 /* UIWebView+AFNetworking.m */ = {isa = PBXFileReference; fileEncoding = 4; lastKnownFileType = sourcecode.c.objc; path = "UIWebView+AFNetworking.m"; sourceTree = "<group>"; };
		461E07F51986689A0006F47B /* MKAnnotationView+WebCache.h */ = {isa = PBXFileReference; fileEncoding = 4; lastKnownFileType = sourcecode.c.h; path = "MKAnnotationView+WebCache.h"; sourceTree = "<group>"; };
		461E07F61986689A0006F47B /* MKAnnotationView+WebCache.m */ = {isa = PBXFileReference; fileEncoding = 4; lastKnownFileType = sourcecode.c.objc; path = "MKAnnotationView+WebCache.m"; sourceTree = "<group>"; };
		461E07F71986689A0006F47B /* NSData+ImageContentType.h */ = {isa = PBXFileReference; fileEncoding = 4; lastKnownFileType = sourcecode.c.h; path = "NSData+ImageContentType.h"; sourceTree = "<group>"; };
		461E07F81986689A0006F47B /* NSData+ImageContentType.m */ = {isa = PBXFileReference; fileEncoding = 4; lastKnownFileType = sourcecode.c.objc; path = "NSData+ImageContentType.m"; sourceTree = "<group>"; };
		461E07F91986689A0006F47B /* SDImageCache.h */ = {isa = PBXFileReference; fileEncoding = 4; lastKnownFileType = sourcecode.c.h; path = SDImageCache.h; sourceTree = "<group>"; };
		461E07FA1986689A0006F47B /* SDImageCache.m */ = {isa = PBXFileReference; fileEncoding = 4; lastKnownFileType = sourcecode.c.objc; path = SDImageCache.m; sourceTree = "<group>"; };
		461E07FB1986689A0006F47B /* SDWebImageCompat.h */ = {isa = PBXFileReference; fileEncoding = 4; lastKnownFileType = sourcecode.c.h; path = SDWebImageCompat.h; sourceTree = "<group>"; };
		461E07FC1986689A0006F47B /* SDWebImageCompat.m */ = {isa = PBXFileReference; fileEncoding = 4; lastKnownFileType = sourcecode.c.objc; path = SDWebImageCompat.m; sourceTree = "<group>"; };
		461E07FD1986689A0006F47B /* SDWebImageDecoder.h */ = {isa = PBXFileReference; fileEncoding = 4; lastKnownFileType = sourcecode.c.h; path = SDWebImageDecoder.h; sourceTree = "<group>"; };
		461E07FE1986689A0006F47B /* SDWebImageDecoder.m */ = {isa = PBXFileReference; fileEncoding = 4; lastKnownFileType = sourcecode.c.objc; path = SDWebImageDecoder.m; sourceTree = "<group>"; };
		461E07FF1986689A0006F47B /* SDWebImageDownloader.h */ = {isa = PBXFileReference; fileEncoding = 4; lastKnownFileType = sourcecode.c.h; path = SDWebImageDownloader.h; sourceTree = "<group>"; };
		461E08001986689A0006F47B /* SDWebImageDownloader.m */ = {isa = PBXFileReference; fileEncoding = 4; lastKnownFileType = sourcecode.c.objc; path = SDWebImageDownloader.m; sourceTree = "<group>"; };
		461E08011986689A0006F47B /* SDWebImageDownloaderOperation.h */ = {isa = PBXFileReference; fileEncoding = 4; lastKnownFileType = sourcecode.c.h; path = SDWebImageDownloaderOperation.h; sourceTree = "<group>"; };
		461E08021986689A0006F47B /* SDWebImageDownloaderOperation.m */ = {isa = PBXFileReference; fileEncoding = 4; lastKnownFileType = sourcecode.c.objc; path = SDWebImageDownloaderOperation.m; sourceTree = "<group>"; };
		461E08031986689A0006F47B /* SDWebImageManager.h */ = {isa = PBXFileReference; fileEncoding = 4; lastKnownFileType = sourcecode.c.h; path = SDWebImageManager.h; sourceTree = "<group>"; };
		461E08041986689A0006F47B /* SDWebImageManager.m */ = {isa = PBXFileReference; fileEncoding = 4; lastKnownFileType = sourcecode.c.objc; path = SDWebImageManager.m; sourceTree = "<group>"; };
		461E08051986689A0006F47B /* SDWebImageOperation.h */ = {isa = PBXFileReference; fileEncoding = 4; lastKnownFileType = sourcecode.c.h; path = SDWebImageOperation.h; sourceTree = "<group>"; };
		461E08061986689A0006F47B /* SDWebImagePrefetcher.h */ = {isa = PBXFileReference; fileEncoding = 4; lastKnownFileType = sourcecode.c.h; path = SDWebImagePrefetcher.h; sourceTree = "<group>"; };
		461E08071986689A0006F47B /* SDWebImagePrefetcher.m */ = {isa = PBXFileReference; fileEncoding = 4; lastKnownFileType = sourcecode.c.objc; path = SDWebImagePrefetcher.m; sourceTree = "<group>"; };
		461E08081986689A0006F47B /* UIButton+WebCache.h */ = {isa = PBXFileReference; fileEncoding = 4; lastKnownFileType = sourcecode.c.h; path = "UIButton+WebCache.h"; sourceTree = "<group>"; };
		461E08091986689A0006F47B /* UIButton+WebCache.m */ = {isa = PBXFileReference; fileEncoding = 4; lastKnownFileType = sourcecode.c.objc; path = "UIButton+WebCache.m"; sourceTree = "<group>"; };
		461E080A1986689A0006F47B /* UIImage+GIF.h */ = {isa = PBXFileReference; fileEncoding = 4; lastKnownFileType = sourcecode.c.h; path = "UIImage+GIF.h"; sourceTree = "<group>"; };
		461E080B1986689A0006F47B /* UIImage+GIF.m */ = {isa = PBXFileReference; fileEncoding = 4; lastKnownFileType = sourcecode.c.objc; path = "UIImage+GIF.m"; sourceTree = "<group>"; };
		461E080C1986689A0006F47B /* UIImage+MultiFormat.h */ = {isa = PBXFileReference; fileEncoding = 4; lastKnownFileType = sourcecode.c.h; path = "UIImage+MultiFormat.h"; sourceTree = "<group>"; };
		461E080D1986689A0006F47B /* UIImage+MultiFormat.m */ = {isa = PBXFileReference; fileEncoding = 4; lastKnownFileType = sourcecode.c.objc; path = "UIImage+MultiFormat.m"; sourceTree = "<group>"; };
		461E080E1986689A0006F47B /* UIImage+WebP.h */ = {isa = PBXFileReference; fileEncoding = 4; lastKnownFileType = sourcecode.c.h; path = "UIImage+WebP.h"; sourceTree = "<group>"; };
		461E080F1986689A0006F47B /* UIImage+WebP.m */ = {isa = PBXFileReference; fileEncoding = 4; lastKnownFileType = sourcecode.c.objc; path = "UIImage+WebP.m"; sourceTree = "<group>"; };
		461E08101986689A0006F47B /* UIImageView+HighlightedWebCache.h */ = {isa = PBXFileReference; fileEncoding = 4; lastKnownFileType = sourcecode.c.h; path = "UIImageView+HighlightedWebCache.h"; sourceTree = "<group>"; };
		461E08111986689A0006F47B /* UIImageView+HighlightedWebCache.m */ = {isa = PBXFileReference; fileEncoding = 4; lastKnownFileType = sourcecode.c.objc; path = "UIImageView+HighlightedWebCache.m"; sourceTree = "<group>"; };
		461E08121986689A0006F47B /* UIImageView+WebCache.h */ = {isa = PBXFileReference; fileEncoding = 4; lastKnownFileType = sourcecode.c.h; path = "UIImageView+WebCache.h"; sourceTree = "<group>"; };
		461E08131986689A0006F47B /* UIImageView+WebCache.m */ = {isa = PBXFileReference; fileEncoding = 4; lastKnownFileType = sourcecode.c.objc; path = "UIImageView+WebCache.m"; sourceTree = "<group>"; };
		461E08141986689A0006F47B /* UIView+WebCacheOperation.h */ = {isa = PBXFileReference; fileEncoding = 4; lastKnownFileType = sourcecode.c.h; path = "UIView+WebCacheOperation.h"; sourceTree = "<group>"; };
		461E08151986689A0006F47B /* UIView+WebCacheOperation.m */ = {isa = PBXFileReference; fileEncoding = 4; lastKnownFileType = sourcecode.c.objc; path = "UIView+WebCacheOperation.m"; sourceTree = "<group>"; };
		467CC4721981C43C00BAC5F7 /* JokeCellTableViewCell.h */ = {isa = PBXFileReference; fileEncoding = 4; lastKnownFileType = sourcecode.c.h; path = JokeCellTableViewCell.h; sourceTree = "<group>"; };
		467CC4731981C43C00BAC5F7 /* JokeCellTableViewCell.m */ = {isa = PBXFileReference; fileEncoding = 4; lastKnownFileType = sourcecode.c.objc; path = JokeCellTableViewCell.m; sourceTree = "<group>"; };
		467CC4741981C43C00BAC5F7 /* JokeCellTableViewCell.xib */ = {isa = PBXFileReference; fileEncoding = 4; lastKnownFileType = file.xib; path = JokeCellTableViewCell.xib; sourceTree = "<group>"; };
		46A180091983ED28000DA3F7 /* loading.gif */ = {isa = PBXFileReference; lastKnownFileType = image.gif; path = loading.gif; sourceTree = "<group>"; };
		46A1B70919866E3600AF4ADD /* MapKit.framework */ = {isa = PBXFileReference; lastKnownFileType = wrapper.framework; name = MapKit.framework; path = System/Library/Frameworks/MapKit.framework; sourceTree = SDKROOT; };
		46A1B70B19866E4200AF4ADD /* ImageIO.framework */ = {isa = PBXFileReference; lastKnownFileType = wrapper.framework; name = ImageIO.framework; path = System/Library/Frameworks/ImageIO.framework; sourceTree = SDKROOT; };
		46A6E1131982BFC100175F21 /* avatar.jpg */ = {isa = PBXFileReference; lastKnownFileType = image.jpeg; path = avatar.jpg; sourceTree = "<group>"; };
		46EE7E2619853C8300A0DA45 /* MJRefresh.bundle */ = {isa = PBXFileReference; lastKnownFileType = "wrapper.plug-in"; path = MJRefresh.bundle; sourceTree = "<group>"; };
		46EE7E2719853C8300A0DA45 /* MJRefresh.h */ = {isa = PBXFileReference; fileEncoding = 4; lastKnownFileType = sourcecode.c.h; path = MJRefresh.h; sourceTree = "<group>"; };
		46EE7E2819853C8300A0DA45 /* MJRefreshBaseView.h */ = {isa = PBXFileReference; fileEncoding = 4; lastKnownFileType = sourcecode.c.h; path = MJRefreshBaseView.h; sourceTree = "<group>"; };
		46EE7E2919853C8300A0DA45 /* MJRefreshBaseView.m */ = {isa = PBXFileReference; fileEncoding = 4; lastKnownFileType = sourcecode.c.objc; path = MJRefreshBaseView.m; sourceTree = "<group>"; };
		46EE7E2A19853C8300A0DA45 /* MJRefreshConst.h */ = {isa = PBXFileReference; fileEncoding = 4; lastKnownFileType = sourcecode.c.h; path = MJRefreshConst.h; sourceTree = "<group>"; };
		46EE7E2B19853C8300A0DA45 /* MJRefreshConst.m */ = {isa = PBXFileReference; fileEncoding = 4; lastKnownFileType = sourcecode.c.objc; path = MJRefreshConst.m; sourceTree = "<group>"; };
		46EE7E2C19853C8300A0DA45 /* MJRefreshFooterView.h */ = {isa = PBXFileReference; fileEncoding = 4; lastKnownFileType = sourcecode.c.h; path = MJRefreshFooterView.h; sourceTree = "<group>"; };
		46EE7E2D19853C8300A0DA45 /* MJRefreshFooterView.m */ = {isa = PBXFileReference; fileEncoding = 4; lastKnownFileType = sourcecode.c.objc; path = MJRefreshFooterView.m; sourceTree = "<group>"; };
		46EE7E2E19853C8300A0DA45 /* MJRefreshHeaderView.h */ = {isa = PBXFileReference; fileEncoding = 4; lastKnownFileType = sourcecode.c.h; path = MJRefreshHeaderView.h; sourceTree = "<group>"; };
		46EE7E2F19853C8300A0DA45 /* MJRefreshHeaderView.m */ = {isa = PBXFileReference; fileEncoding = 4; lastKnownFileType = sourcecode.c.objc; path = MJRefreshHeaderView.m; sourceTree = "<group>"; };
		46EE7E3019853C8300A0DA45 /* UIScrollView+Extension.h */ = {isa = PBXFileReference; fileEncoding = 4; lastKnownFileType = sourcecode.c.h; path = "UIScrollView+Extension.h"; sourceTree = "<group>"; };
		46EE7E3119853C8300A0DA45 /* UIScrollView+Extension.m */ = {isa = PBXFileReference; fileEncoding = 4; lastKnownFileType = sourcecode.c.objc; path = "UIScrollView+Extension.m"; sourceTree = "<group>"; };
		46EE7E3219853C8300A0DA45 /* UIScrollView+MJRefresh.h */ = {isa = PBXFileReference; fileEncoding = 4; lastKnownFileType = sourcecode.c.h; path = "UIScrollView+MJRefresh.h"; sourceTree = "<group>"; };
		46EE7E3319853C8300A0DA45 /* UIScrollView+MJRefresh.m */ = {isa = PBXFileReference; fileEncoding = 4; lastKnownFileType = sourcecode.c.objc; path = "UIScrollView+MJRefresh.m"; sourceTree = "<group>"; };
		46EE7E3419853C8300A0DA45 /* UIView+Extension.h */ = {isa = PBXFileReference; fileEncoding = 4; lastKnownFileType = sourcecode.c.h; path = "UIView+Extension.h"; sourceTree = "<group>"; };
		46EE7E3519853C8300A0DA45 /* UIView+Extension.m */ = {isa = PBXFileReference; fileEncoding = 4; lastKnownFileType = sourcecode.c.objc; path = "UIView+Extension.m"; sourceTree = "<group>"; };
		46FA9577198006A2000A908D /* qiushibaike.app */ = {isa = PBXFileReference; explicitFileType = wrapper.application; includeInIndex = 0; path = qiushibaike.app; sourceTree = BUILT_PRODUCTS_DIR; };
		46FA957A198006A2000A908D /* Foundation.framework */ = {isa = PBXFileReference; lastKnownFileType = wrapper.framework; name = Foundation.framework; path = System/Library/Frameworks/Foundation.framework; sourceTree = SDKROOT; };
		46FA957C198006A2000A908D /* CoreGraphics.framework */ = {isa = PBXFileReference; lastKnownFileType = wrapper.framework; name = CoreGraphics.framework; path = System/Library/Frameworks/CoreGraphics.framework; sourceTree = SDKROOT; };
		46FA957E198006A2000A908D /* UIKit.framework */ = {isa = PBXFileReference; lastKnownFileType = wrapper.framework; name = UIKit.framework; path = System/Library/Frameworks/UIKit.framework; sourceTree = SDKROOT; };
		46FA9582198006A2000A908D /* qiushibaike-Info.plist */ = {isa = PBXFileReference; lastKnownFileType = text.plist.xml; path = "qiushibaike-Info.plist"; sourceTree = "<group>"; };
		46FA9584198006A2000A908D /* en */ = {isa = PBXFileReference; lastKnownFileType = text.plist.strings; name = en; path = en.lproj/InfoPlist.strings; sourceTree = "<group>"; };
		46FA9586198006A2000A908D /* main.m */ = {isa = PBXFileReference; lastKnownFileType = sourcecode.c.objc; path = main.m; sourceTree = "<group>"; };
		46FA9588198006A2000A908D /* qiushibaike-Prefix.pch */ = {isa = PBXFileReference; lastKnownFileType = sourcecode.c.h; path = "qiushibaike-Prefix.pch"; sourceTree = "<group>"; };
		46FA9589198006A2000A908D /* AppDelegate.h */ = {isa = PBXFileReference; lastKnownFileType = sourcecode.c.h; path = AppDelegate.h; sourceTree = "<group>"; };
		46FA958A198006A2000A908D /* AppDelegate.m */ = {isa = PBXFileReference; lastKnownFileType = sourcecode.c.objc; path = AppDelegate.m; sourceTree = "<group>"; };
		46FA958D198006A2000A908D /* Base */ = {isa = PBXFileReference; lastKnownFileType = file.storyboard; name = Base; path = Base.lproj/Main.storyboard; sourceTree = "<group>"; };
		46FA958F198006A2000A908D /* ViewController.h */ = {isa = PBXFileReference; lastKnownFileType = sourcecode.c.h; path = ViewController.h; sourceTree = "<group>"; };
		46FA9590198006A2000A908D /* ViewController.m */ = {isa = PBXFileReference; lastKnownFileType = sourcecode.c.objc; path = ViewController.m; sourceTree = "<group>"; };
		46FA9592198006A2000A908D /* Images.xcassets */ = {isa = PBXFileReference; lastKnownFileType = folder.assetcatalog; path = Images.xcassets; sourceTree = "<group>"; };
		46FA9598198006A2000A908D /* qiushibaikeTests.xctest */ = {isa = PBXFileReference; explicitFileType = wrapper.cfbundle; includeInIndex = 0; path = qiushibaikeTests.xctest; sourceTree = BUILT_PRODUCTS_DIR; };
		46FA9599198006A2000A908D /* XCTest.framework */ = {isa = PBXFileReference; lastKnownFileType = wrapper.framework; name = XCTest.framework; path = Library/Frameworks/XCTest.framework; sourceTree = DEVELOPER_DIR; };
		46FA95A1198006A2000A908D /* qiushibaikeTests-Info.plist */ = {isa = PBXFileReference; lastKnownFileType = text.plist.xml; path = "qiushibaikeTests-Info.plist"; sourceTree = "<group>"; };
		46FA95A3198006A2000A908D /* en */ = {isa = PBXFileReference; lastKnownFileType = text.plist.strings; name = en; path = en.lproj/InfoPlist.strings; sourceTree = "<group>"; };
		46FA95A5198006A2000A908D /* qiushibaikeTests.m */ = {isa = PBXFileReference; lastKnownFileType = sourcecode.c.objc; path = qiushibaikeTests.m; sourceTree = "<group>"; };
/* End PBXFileReference section */

/* Begin PBXFrameworksBuildPhase section */
		46FA9574198006A2000A908D /* Frameworks */ = {
			isa = PBXFrameworksBuildPhase;
			buildActionMask = 2147483647;
			files = (
				46A1B70C19866E4200AF4ADD /* ImageIO.framework in Frameworks */,
				46A1B70A19866E3600AF4ADD /* MapKit.framework in Frameworks */,
				46FA957D198006A2000A908D /* CoreGraphics.framework in Frameworks */,
				46FA957F198006A2000A908D /* UIKit.framework in Frameworks */,
				46FA957B198006A2000A908D /* Foundation.framework in Frameworks */,
			);
			runOnlyForDeploymentPostprocessing = 0;
		};
		46FA9595198006A2000A908D /* Frameworks */ = {
			isa = PBXFrameworksBuildPhase;
			buildActionMask = 2147483647;
			files = (
				46FA959A198006A2000A908D /* XCTest.framework in Frameworks */,
				46FA959C198006A2000A908D /* UIKit.framework in Frameworks */,
				46FA959B198006A2000A908D /* Foundation.framework in Frameworks */,
			);
			runOnlyForDeploymentPostprocessing = 0;
		};
/* End PBXFrameworksBuildPhase section */

/* Begin PBXGroup section */
		460B74EA198021B200EEEBD5 /* AFNetworking */ = {
			isa = PBXGroup;
			children = (
				460B74EB198021B200EEEBD5 /* AFHTTPRequestOperation.h */,
				460B74EC198021B200EEEBD5 /* AFHTTPRequestOperation.m */,
				460B74ED198021B200EEEBD5 /* AFHTTPRequestOperationManager.h */,
				460B74EE198021B200EEEBD5 /* AFHTTPRequestOperationManager.m */,
				460B74EF198021B200EEEBD5 /* AFHTTPSessionManager.h */,
				460B74F0198021B200EEEBD5 /* AFHTTPSessionManager.m */,
				460B74F1198021B200EEEBD5 /* AFNetworking.h */,
				460B74F2198021B200EEEBD5 /* AFNetworkReachabilityManager.h */,
				460B74F3198021B200EEEBD5 /* AFNetworkReachabilityManager.m */,
				460B74F4198021B200EEEBD5 /* AFSecurityPolicy.h */,
				460B74F5198021B200EEEBD5 /* AFSecurityPolicy.m */,
				460B74F6198021B200EEEBD5 /* AFURLConnectionOperation.h */,
				460B74F7198021B200EEEBD5 /* AFURLConnectionOperation.m */,
				460B74F8198021B200EEEBD5 /* AFURLRequestSerialization.h */,
				460B74F9198021B200EEEBD5 /* AFURLRequestSerialization.m */,
				460B74FA198021B200EEEBD5 /* AFURLResponseSerialization.h */,
				460B74FB198021B200EEEBD5 /* AFURLResponseSerialization.m */,
				460B74FC198021B200EEEBD5 /* AFURLSessionManager.h */,
				460B74FD198021B200EEEBD5 /* AFURLSessionManager.m */,
			);
			path = AFNetworking;
			sourceTree = "<group>";
		};
		460B74FE198021B200EEEBD5 /* UIKit+AFNetworking */ = {
			isa = PBXGroup;
			children = (
				460B74FF198021B200EEEBD5 /* AFNetworkActivityIndicatorManager.h */,
				460B7500198021B200EEEBD5 /* AFNetworkActivityIndicatorManager.m */,
				460B7501198021B200EEEBD5 /* UIActivityIndicatorView+AFNetworking.h */,
				460B7502198021B200EEEBD5 /* UIActivityIndicatorView+AFNetworking.m */,
				460B7503198021B200EEEBD5 /* UIAlertView+AFNetworking.h */,
				460B7504198021B200EEEBD5 /* UIAlertView+AFNetworking.m */,
				460B7505198021B200EEEBD5 /* UIButton+AFNetworking.h */,
				460B7506198021B200EEEBD5 /* UIButton+AFNetworking.m */,
				460B7507198021B200EEEBD5 /* UIImageView+AFNetworking.h */,
				460B7508198021B200EEEBD5 /* UIImageView+AFNetworking.m */,
				460B7509198021B200EEEBD5 /* UIKit+AFNetworking.h */,
				460B750A198021B200EEEBD5 /* UIProgressView+AFNetworking.h */,
				460B750B198021B200EEEBD5 /* UIProgressView+AFNetworking.m */,
				460B750C198021B200EEEBD5 /* UIRefreshControl+AFNetworking.h */,
				460B750D198021B200EEEBD5 /* UIRefreshControl+AFNetworking.m */,
				460B750E198021B200EEEBD5 /* UIWebView+AFNetworking.h */,
				460B750F198021B200EEEBD5 /* UIWebView+AFNetworking.m */,
			);
			path = "UIKit+AFNetworking";
			sourceTree = "<group>";
		};
		461E07F41986689A0006F47B /* SDWebImage */ = {
			isa = PBXGroup;
			children = (
				461E07F51986689A0006F47B /* MKAnnotationView+WebCache.h */,
				461E07F61986689A0006F47B /* MKAnnotationView+WebCache.m */,
				461E07F71986689A0006F47B /* NSData+ImageContentType.h */,
				461E07F81986689A0006F47B /* NSData+ImageContentType.m */,
				461E07F91986689A0006F47B /* SDImageCache.h */,
				461E07FA1986689A0006F47B /* SDImageCache.m */,
				461E07FB1986689A0006F47B /* SDWebImageCompat.h */,
				461E07FC1986689A0006F47B /* SDWebImageCompat.m */,
				461E07FD1986689A0006F47B /* SDWebImageDecoder.h */,
				461E07FE1986689A0006F47B /* SDWebImageDecoder.m */,
				461E07FF1986689A0006F47B /* SDWebImageDownloader.h */,
				461E08001986689A0006F47B /* SDWebImageDownloader.m */,
				461E08011986689A0006F47B /* SDWebImageDownloaderOperation.h */,
				461E08021986689A0006F47B /* SDWebImageDownloaderOperation.m */,
				461E08031986689A0006F47B /* SDWebImageManager.h */,
				461E08041986689A0006F47B /* SDWebImageManager.m */,
				461E08051986689A0006F47B /* SDWebImageOperation.h */,
				461E08061986689A0006F47B /* SDWebImagePrefetcher.h */,
				461E08071986689A0006F47B /* SDWebImagePrefetcher.m */,
				461E08081986689A0006F47B /* UIButton+WebCache.h */,
				461E08091986689A0006F47B /* UIButton+WebCache.m */,
				461E080A1986689A0006F47B /* UIImage+GIF.h */,
				461E080B1986689A0006F47B /* UIImage+GIF.m */,
				461E080C1986689A0006F47B /* UIImage+MultiFormat.h */,
				461E080D1986689A0006F47B /* UIImage+MultiFormat.m */,
				461E080E1986689A0006F47B /* UIImage+WebP.h */,
				461E080F1986689A0006F47B /* UIImage+WebP.m */,
				461E08101986689A0006F47B /* UIImageView+HighlightedWebCache.h */,
				461E08111986689A0006F47B /* UIImageView+HighlightedWebCache.m */,
				461E08121986689A0006F47B /* UIImageView+WebCache.h */,
				461E08131986689A0006F47B /* UIImageView+WebCache.m */,
				461E08141986689A0006F47B /* UIView+WebCacheOperation.h */,
				461E08151986689A0006F47B /* UIView+WebCacheOperation.m */,
			);
			path = SDWebImage;
			sourceTree = "<group>";
		};
		46EE7E2519853C8300A0DA45 /* MJRefresh */ = {
			isa = PBXGroup;
			children = (
				46EE7E2619853C8300A0DA45 /* MJRefresh.bundle */,
				46EE7E2719853C8300A0DA45 /* MJRefresh.h */,
				46EE7E2819853C8300A0DA45 /* MJRefreshBaseView.h */,
				46EE7E2919853C8300A0DA45 /* MJRefreshBaseView.m */,
				46EE7E2A19853C8300A0DA45 /* MJRefreshConst.h */,
				46EE7E2B19853C8300A0DA45 /* MJRefreshConst.m */,
				46EE7E2C19853C8300A0DA45 /* MJRefreshFooterView.h */,
				46EE7E2D19853C8300A0DA45 /* MJRefreshFooterView.m */,
				46EE7E2E19853C8300A0DA45 /* MJRefreshHeaderView.h */,
				46EE7E2F19853C8300A0DA45 /* MJRefreshHeaderView.m */,
				46EE7E3019853C8300A0DA45 /* UIScrollView+Extension.h */,
				46EE7E3119853C8300A0DA45 /* UIScrollView+Extension.m */,
				46EE7E3219853C8300A0DA45 /* UIScrollView+MJRefresh.h */,
				46EE7E3319853C8300A0DA45 /* UIScrollView+MJRefresh.m */,
				46EE7E3419853C8300A0DA45 /* UIView+Extension.h */,
				46EE7E3519853C8300A0DA45 /* UIView+Extension.m */,
			);
			path = MJRefresh;
			sourceTree = "<group>";
		};
		46FA956E198006A2000A908D = {
			isa = PBXGroup;
			children = (
				46FA9580198006A2000A908D /* qiushibaike */,
				46FA959F198006A2000A908D /* qiushibaikeTests */,
				46FA9579198006A2000A908D /* Frameworks */,
				46FA9578198006A2000A908D /* Products */,
				460B74EA198021B200EEEBD5 /* AFNetworking */,
				460B74FE198021B200EEEBD5 /* UIKit+AFNetworking */,
				46EE7E2519853C8300A0DA45 /* MJRefresh */,
				461E07F41986689A0006F47B /* SDWebImage */,
			);
			sourceTree = "<group>";
		};
		46FA9578198006A2000A908D /* Products */ = {
			isa = PBXGroup;
			children = (
				46FA9577198006A2000A908D /* qiushibaike.app */,
				46FA9598198006A2000A908D /* qiushibaikeTests.xctest */,
			);
			name = Products;
			sourceTree = "<group>";
		};
		46FA9579198006A2000A908D /* Frameworks */ = {
			isa = PBXGroup;
			children = (
				46A1B70B19866E4200AF4ADD /* ImageIO.framework */,
				46A1B70919866E3600AF4ADD /* MapKit.framework */,
				46FA957A198006A2000A908D /* Foundation.framework */,
				46FA957C198006A2000A908D /* CoreGraphics.framework */,
				46FA957E198006A2000A908D /* UIKit.framework */,
				46FA9599198006A2000A908D /* XCTest.framework */,
			);
			name = Frameworks;
			sourceTree = "<group>";
		};
		46FA9580198006A2000A908D /* qiushibaike */ = {
			isa = PBXGroup;
			children = (
				46FA9589198006A2000A908D /* AppDelegate.h */,
				46FA958A198006A2000A908D /* AppDelegate.m */,
				46FA958C198006A2000A908D /* Main.storyboard */,
				46FA958F198006A2000A908D /* ViewController.h */,
				46FA9590198006A2000A908D /* ViewController.m */,
				460B74E7198012E800EEEBD5 /* JokeListViewController.h */,
				460B74E8198012E800EEEBD5 /* JokeListViewController.m */,
				46FA9592198006A2000A908D /* Images.xcassets */,
				46FA9581198006A2000A908D /* Supporting Files */,
				467CC4721981C43C00BAC5F7 /* JokeCellTableViewCell.h */,
				467CC4731981C43C00BAC5F7 /* JokeCellTableViewCell.m */,
				467CC4741981C43C00BAC5F7 /* JokeCellTableViewCell.xib */,
			);
			path = qiushibaike;
			sourceTree = "<group>";
		};
		46FA9581198006A2000A908D /* Supporting Files */ = {
			isa = PBXGroup;
			children = (
				46A180091983ED28000DA3F7 /* loading.gif */,
				46A6E1131982BFC100175F21 /* avatar.jpg */,
				46FA9582198006A2000A908D /* qiushibaike-Info.plist */,
				46FA9583198006A2000A908D /* InfoPlist.strings */,
				46FA9586198006A2000A908D /* main.m */,
				46FA9588198006A2000A908D /* qiushibaike-Prefix.pch */,
			);
			name = "Supporting Files";
			sourceTree = "<group>";
		};
		46FA959F198006A2000A908D /* qiushibaikeTests */ = {
			isa = PBXGroup;
			children = (
				46FA95A5198006A2000A908D /* qiushibaikeTests.m */,
				46FA95A0198006A2000A908D /* Supporting Files */,
			);
			path = qiushibaikeTests;
			sourceTree = "<group>";
		};
		46FA95A0198006A2000A908D /* Supporting Files */ = {
			isa = PBXGroup;
			children = (
				46FA95A1198006A2000A908D /* qiushibaikeTests-Info.plist */,
				46FA95A2198006A2000A908D /* InfoPlist.strings */,
			);
			name = "Supporting Files";
			sourceTree = "<group>";
		};
/* End PBXGroup section */

/* Begin PBXNativeTarget section */
		46FA9576198006A2000A908D /* qiushibaike */ = {
			isa = PBXNativeTarget;
			buildConfigurationList = 46FA95A9198006A2000A908D /* Build configuration list for PBXNativeTarget "qiushibaike" */;
			buildPhases = (
				46FA9573198006A2000A908D /* Sources */,
				46FA9574198006A2000A908D /* Frameworks */,
				46FA9575198006A2000A908D /* Resources */,
			);
			buildRules = (
			);
			dependencies = (
			);
			name = qiushibaike;
			productName = qiushibaike;
			productReference = 46FA9577198006A2000A908D /* qiushibaike.app */;
			productType = "com.apple.product-type.application";
		};
		46FA9597198006A2000A908D /* qiushibaikeTests */ = {
			isa = PBXNativeTarget;
			buildConfigurationList = 46FA95AC198006A2000A908D /* Build configuration list for PBXNativeTarget "qiushibaikeTests" */;
			buildPhases = (
				46FA9594198006A2000A908D /* Sources */,
				46FA9595198006A2000A908D /* Frameworks */,
				46FA9596198006A2000A908D /* Resources */,
			);
			buildRules = (
			);
			dependencies = (
				46FA959E198006A2000A908D /* PBXTargetDependency */,
			);
			name = qiushibaikeTests;
			productName = qiushibaikeTests;
			productReference = 46FA9598198006A2000A908D /* qiushibaikeTests.xctest */;
			productType = "com.apple.product-type.bundle.unit-test";
		};
/* End PBXNativeTarget section */

/* Begin PBXProject section */
		46FA956F198006A2000A908D /* Project object */ = {
			isa = PBXProject;
			attributes = {
				LastUpgradeCheck = 0510;
				ORGANIZATIONNAME = Singer;
				TargetAttributes = {
					46FA9597198006A2000A908D = {
						TestTargetID = 46FA9576198006A2000A908D;
					};
				};
			};
			buildConfigurationList = 46FA9572198006A2000A908D /* Build configuration list for PBXProject "qiushibaike" */;
			compatibilityVersion = "Xcode 3.2";
			developmentRegion = English;
			hasScannedForEncodings = 0;
			knownRegions = (
				en,
				Base,
			);
			mainGroup = 46FA956E198006A2000A908D;
			productRefGroup = 46FA9578198006A2000A908D /* Products */;
			projectDirPath = "";
			projectRoot = "";
			targets = (
				46FA9576198006A2000A908D /* qiushibaike */,
				46FA9597198006A2000A908D /* qiushibaikeTests */,
			);
		};
/* End PBXProject section */

/* Begin PBXResourcesBuildPhase section */
		46FA9575198006A2000A908D /* Resources */ = {
			isa = PBXResourcesBuildPhase;
			buildActionMask = 2147483647;
			files = (
				46FA9593198006A2000A908D /* Images.xcassets in Resources */,
				46A6E1141982BFC100175F21 /* avatar.jpg in Resources */,
				46EE7E3619853C8300A0DA45 /* MJRefresh.bundle in Resources */,
				46FA9585198006A2000A908D /* InfoPlist.strings in Resources */,
				46A1800A1983ED28000DA3F7 /* loading.gif in Resources */,
				467CC4761981C43C00BAC5F7 /* JokeCellTableViewCell.xib in Resources */,
				46FA958E198006A2000A908D /* Main.storyboard in Resources */,
			);
			runOnlyForDeploymentPostprocessing = 0;
		};
		46FA9596198006A2000A908D /* Resources */ = {
			isa = PBXResourcesBuildPhase;
			buildActionMask = 2147483647;
			files = (
				46FA95A4198006A2000A908D /* InfoPlist.strings in Resources */,
			);
			runOnlyForDeploymentPostprocessing = 0;
		};
/* End PBXResourcesBuildPhase section */

/* Begin PBXSourcesBuildPhase section */
		46FA9573198006A2000A908D /* Sources */ = {
			isa = PBXSourcesBuildPhase;
			buildActionMask = 2147483647;
			files = (
				460B751E198021B200EEEBD5 /* UIProgressView+AFNetworking.m in Sources */,
				460B751C198021B200EEEBD5 /* UIButton+AFNetworking.m in Sources */,
				461E081D1986689A0006F47B /* SDWebImageManager.m in Sources */,
				461E081E1986689A0006F47B /* SDWebImagePrefetcher.m in Sources */,
				467CC4751981C43C00BAC5F7 /* JokeCellTableViewCell.m in Sources */,
				460B751F198021B200EEEBD5 /* UIRefreshControl+AFNetworking.m in Sources */,
				46EE7E3C19853C8300A0DA45 /* UIScrollView+MJRefresh.m in Sources */,
				461E08251986689A0006F47B /* UIView+WebCacheOperation.m in Sources */,
				460B751B198021B200EEEBD5 /* UIAlertView+AFNetworking.m in Sources */,
				461E081C1986689A0006F47B /* SDWebImageDownloaderOperation.m in Sources */,
				46FA9591198006A2000A908D /* ViewController.m in Sources */,
				460B7514198021B200EEEBD5 /* AFSecurityPolicy.m in Sources */,
				46FA958B198006A2000A908D /* AppDelegate.m in Sources */,
				46EE7E3D19853C8300A0DA45 /* UIView+Extension.m in Sources */,
				46EE7E3819853C8300A0DA45 /* MJRefreshConst.m in Sources */,
				460B7511198021B200EEEBD5 /* AFHTTPRequestOperationManager.m in Sources */,
				460B7515198021B200EEEBD5 /* AFURLConnectionOperation.m in Sources */,
				460B751D198021B200EEEBD5 /* UIImageView+AFNetworking.m in Sources */,
				46EE7E3B19853C8300A0DA45 /* UIScrollView+Extension.m in Sources */,
				461E08201986689A0006F47B /* UIImage+GIF.m in Sources */,
				460B7510198021B200EEEBD5 /* AFHTTPRequestOperation.m in Sources */,
				460B751A198021B200EEEBD5 /* UIActivityIndicatorView+AFNetworking.m in Sources */,
				46FA9587198006A2000A908D /* main.m in Sources */,
				461E08241986689A0006F47B /* UIImageView+WebCache.m in Sources */,
				460B7516198021B200EEEBD5 /* AFURLRequestSerialization.m in Sources */,
				461E081F1986689A0006F47B /* UIButton+WebCache.m in Sources */,
				461E081B1986689A0006F47B /* SDWebImageDownloader.m in Sources */,
				461E08221986689A0006F47B /* UIImage+WebP.m in Sources */,
				461E08211986689A0006F47B /* UIImage+MultiFormat.m in Sources */,
				460B7512198021B200EEEBD5 /* AFHTTPSessionManager.m in Sources */,
				460B7513198021B200EEEBD5 /* AFNetworkReachabilityManager.m in Sources */,
				460B7517198021B200EEEBD5 /* AFURLResponseSerialization.m in Sources */,
				461E08191986689A0006F47B /* SDWebImageCompat.m in Sources */,
				460B7520198021B200EEEBD5 /* UIWebView+AFNetworking.m in Sources */,
				461E081A1986689A0006F47B /* SDWebImageDecoder.m in Sources */,
				461E08181986689A0006F47B /* SDImageCache.m in Sources */,
				461E08161986689A0006F47B /* MKAnnotationView+WebCache.m in Sources */,
				460B7518198021B200EEEBD5 /* AFURLSessionManager.m in Sources */,
				46EE7E3719853C8300A0DA45 /* MJRefreshBaseView.m in Sources */,
				46EE7E3919853C8300A0DA45 /* MJRefreshFooterView.m in Sources */,
				460B7519198021B200EEEBD5 /* AFNetworkActivityIndicatorManager.m in Sources */,
				461E08171986689A0006F47B /* NSData+ImageContentType.m in Sources */,
				461E08231986689A0006F47B /* UIImageView+HighlightedWebCache.m in Sources */,
				46EE7E3A19853C8300A0DA45 /* MJRefreshHeaderView.m in Sources */,
				460B74E9198012E800EEEBD5 /* JokeListViewController.m in Sources */,
			);
			runOnlyForDeploymentPostprocessing = 0;
		};
		46FA9594198006A2000A908D /* Sources */ = {
			isa = PBXSourcesBuildPhase;
			buildActionMask = 2147483647;
			files = (
				46FA95A6198006A2000A908D /* qiushibaikeTests.m in Sources */,
			);
			runOnlyForDeploymentPostprocessing = 0;
		};
/* End PBXSourcesBuildPhase section */

/* Begin PBXTargetDependency section */
		46FA959E198006A2000A908D /* PBXTargetDependency */ = {
			isa = PBXTargetDependency;
			target = 46FA9576198006A2000A908D /* qiushibaike */;
			targetProxy = 46FA959D198006A2000A908D /* PBXContainerItemProxy */;
		};
/* End PBXTargetDependency section */

/* Begin PBXVariantGroup section */
		46FA9583198006A2000A908D /* InfoPlist.strings */ = {
			isa = PBXVariantGroup;
			children = (
				46FA9584198006A2000A908D /* en */,
			);
			name = InfoPlist.strings;
			sourceTree = "<group>";
		};
		46FA958C198006A2000A908D /* Main.storyboard */ = {
			isa = PBXVariantGroup;
			children = (
				46FA958D198006A2000A908D /* Base */,
			);
			name = Main.storyboard;
			sourceTree = "<group>";
		};
		46FA95A2198006A2000A908D /* InfoPlist.strings */ = {
			isa = PBXVariantGroup;
			children = (
				46FA95A3198006A2000A908D /* en */,
			);
			name = InfoPlist.strings;
			sourceTree = "<group>";
		};
/* End PBXVariantGroup section */

/* Begin XCBuildConfiguration section */
		46FA95A7198006A2000A908D /* Debug */ = {
			isa = XCBuildConfiguration;
			buildSettings = {
				ALWAYS_SEARCH_USER_PATHS = NO;
				CLANG_CXX_LANGUAGE_STANDARD = "gnu++0x";
				CLANG_CXX_LIBRARY = "libc++";
				CLANG_ENABLE_MODULES = YES;
				CLANG_ENABLE_OBJC_ARC = YES;
				CLANG_WARN_BOOL_CONVERSION = YES;
				CLANG_WARN_CONSTANT_CONVERSION = YES;
				CLANG_WARN_DIRECT_OBJC_ISA_USAGE = YES_ERROR;
				CLANG_WARN_EMPTY_BODY = YES;
				CLANG_WARN_ENUM_CONVERSION = YES;
				CLANG_WARN_INT_CONVERSION = YES;
				CLANG_WARN_OBJC_ROOT_CLASS = YES_ERROR;
				CLANG_WARN__DUPLICATE_METHOD_MATCH = YES;
				"CODE_SIGN_IDENTITY[sdk=iphoneos*]" = "iPhone Developer";
				COPY_PHASE_STRIP = NO;
				GCC_C_LANGUAGE_STANDARD = gnu99;
				GCC_DYNAMIC_NO_PIC = NO;
				GCC_OPTIMIZATION_LEVEL = 0;
				GCC_PREPROCESSOR_DEFINITIONS = (
					"DEBUG=1",
					"$(inherited)",
				);
				GCC_SYMBOLS_PRIVATE_EXTERN = NO;
				GCC_WARN_64_TO_32_BIT_CONVERSION = YES;
				GCC_WARN_ABOUT_RETURN_TYPE = YES_ERROR;
				GCC_WARN_UNDECLARED_SELECTOR = YES;
				GCC_WARN_UNINITIALIZED_AUTOS = YES_AGGRESSIVE;
				GCC_WARN_UNUSED_FUNCTION = YES;
				GCC_WARN_UNUSED_VARIABLE = YES;
				IPHONEOS_DEPLOYMENT_TARGET = 7.1;
				ONLY_ACTIVE_ARCH = YES;
				SDKROOT = iphoneos;
			};
			name = Debug;
		};
		46FA95A8198006A2000A908D /* Release */ = {
			isa = XCBuildConfiguration;
			buildSettings = {
				ALWAYS_SEARCH_USER_PATHS = NO;
				CLANG_CXX_LANGUAGE_STANDARD = "gnu++0x";
				CLANG_CXX_LIBRARY = "libc++";
				CLANG_ENABLE_MODULES = YES;
				CLANG_ENABLE_OBJC_ARC = YES;
				CLANG_WARN_BOOL_CONVERSION = YES;
				CLANG_WARN_CONSTANT_CONVERSION = YES;
				CLANG_WARN_DIRECT_OBJC_ISA_USAGE = YES_ERROR;
				CLANG_WARN_EMPTY_BODY = YES;
				CLANG_WARN_ENUM_CONVERSION = YES;
				CLANG_WARN_INT_CONVERSION = YES;
				CLANG_WARN_OBJC_ROOT_CLASS = YES_ERROR;
				CLANG_WARN__DUPLICATE_METHOD_MATCH = YES;
				"CODE_SIGN_IDENTITY[sdk=iphoneos*]" = "iPhone Developer";
				COPY_PHASE_STRIP = YES;
				ENABLE_NS_ASSERTIONS = NO;
				GCC_C_LANGUAGE_STANDARD = gnu99;
				GCC_WARN_64_TO_32_BIT_CONVERSION = YES;
				GCC_WARN_ABOUT_RETURN_TYPE = YES_ERROR;
				GCC_WARN_UNDECLARED_SELECTOR = YES;
				GCC_WARN_UNINITIALIZED_AUTOS = YES_AGGRESSIVE;
				GCC_WARN_UNUSED_FUNCTION = YES;
				GCC_WARN_UNUSED_VARIABLE = YES;
				IPHONEOS_DEPLOYMENT_TARGET = 7.1;
				SDKROOT = iphoneos;
				VALIDATE_PRODUCT = YES;
			};
			name = Release;
		};
		46FA95AA198006A2000A908D /* Debug */ = {
			isa = XCBuildConfiguration;
			buildSettings = {
				ASSETCATALOG_COMPILER_APPICON_NAME = AppIcon;
				ASSETCATALOG_COMPILER_LAUNCHIMAGE_NAME = LaunchImage;
				GCC_PRECOMPILE_PREFIX_HEADER = YES;
				GCC_PREFIX_HEADER = "qiushibaike/qiushibaike-Prefix.pch";
				INFOPLIST_FILE = "qiushibaike/qiushibaike-Info.plist";
				PRODUCT_NAME = "$(TARGET_NAME)";
				WRAPPER_EXTENSION = app;
			};
			name = Debug;
		};
		46FA95AB198006A2000A908D /* Release */ = {
			isa = XCBuildConfiguration;
			buildSettings = {
				ASSETCATALOG_COMPILER_APPICON_NAME = AppIcon;
				ASSETCATALOG_COMPILER_LAUNCHIMAGE_NAME = LaunchImage;
				GCC_PRECOMPILE_PREFIX_HEADER = YES;
				GCC_PREFIX_HEADER = "qiushibaike/qiushibaike-Prefix.pch";
				INFOPLIST_FILE = "qiushibaike/qiushibaike-Info.plist";
				PRODUCT_NAME = "$(TARGET_NAME)";
				WRAPPER_EXTENSION = app;
			};
			name = Release;
		};
		46FA95AD198006A2000A908D /* Debug */ = {
			isa = XCBuildConfiguration;
			buildSettings = {
				BUNDLE_LOADER = "$(BUILT_PRODUCTS_DIR)/qiushibaike.app/qiushibaike";
				FRAMEWORK_SEARCH_PATHS = (
					"$(SDKROOT)/Developer/Library/Frameworks",
					"$(inherited)",
					"$(DEVELOPER_FRAMEWORKS_DIR)",
				);
				GCC_PRECOMPILE_PREFIX_HEADER = YES;
				GCC_PREFIX_HEADER = "qiushibaike/qiushibaike-Prefix.pch";
				GCC_PREPROCESSOR_DEFINITIONS = (
					"DEBUG=1",
					"$(inherited)",
				);
				INFOPLIST_FILE = "qiushibaikeTests/qiushibaikeTests-Info.plist";
				PRODUCT_NAME = "$(TARGET_NAME)";
				TEST_HOST = "$(BUNDLE_LOADER)";
				WRAPPER_EXTENSION = xctest;
			};
			name = Debug;
		};
		46FA95AE198006A2000A908D /* Release */ = {
			isa = XCBuildConfiguration;
			buildSettings = {
				BUNDLE_LOADER = "$(BUILT_PRODUCTS_DIR)/qiushibaike.app/qiushibaike";
				FRAMEWORK_SEARCH_PATHS = (
					"$(SDKROOT)/Developer/Library/Frameworks",
					"$(inherited)",
					"$(DEVELOPER_FRAMEWORKS_DIR)",
				);
				GCC_PRECOMPILE_PREFIX_HEADER = YES;
				GCC_PREFIX_HEADER = "qiushibaike/qiushibaike-Prefix.pch";
				INFOPLIST_FILE = "qiushibaikeTests/qiushibaikeTests-Info.plist";
				PRODUCT_NAME = "$(TARGET_NAME)";
				TEST_HOST = "$(BUNDLE_LOADER)";
				WRAPPER_EXTENSION = xctest;
			};
			name = Release;
		};
/* End XCBuildConfiguration section */

/* Begin XCConfigurationList section */
		46FA9572198006A2000A908D /* Build configuration list for PBXProject "qiushibaike" */ = {
			isa = XCConfigurationList;
			buildConfigurations = (
				46FA95A7198006A2000A908D /* Debug */,
				46FA95A8198006A2000A908D /* Release */,
			);
			defaultConfigurationIsVisible = 0;
			defaultConfigurationName = Release;
		};
		46FA95A9198006A2000A908D /* Build configuration list for PBXNativeTarget "qiushibaike" */ = {
			isa = XCConfigurationList;
			buildConfigurations = (
				46FA95AA198006A2000A908D /* Debug */,
				46FA95AB198006A2000A908D /* Release */,
			);
			defaultConfigurationIsVisible = 0;
			defaultConfigurationName = Release;
		};
		46FA95AC198006A2000A908D /* Build configuration list for PBXNativeTarget "qiushibaikeTests" */ = {
			isa = XCConfigurationList;
			buildConfigurations = (
				46FA95AD198006A2000A908D /* Debug */,
				46FA95AE198006A2000A908D /* Release */,
			);
			defaultConfigurationIsVisible = 0;
			defaultConfigurationName = Release;
		};
/* End XCConfigurationList section */
	};
	rootObject = 46FA956F198006A2000A908D /* Project object */;
}
